
Microsoft Visual Studio Solution File, Format Version 12.00
# Visual Studio 15
VisualStudioVersion = 15.0.28307.168
MinimumVisualStudioVersion = 10.0.40219.1
Project("{6989167D-11E4-40FE-8C1A-2192A86A7E90}") = "NS_3D_Staggered_dp", "NS_3D_Staggered_dp\NS_3D_Staggered_dp.vfproj", "{47CE4E85-D997-4C33-A6A3-6F1168446BEC}"
EndProject
Global
	GlobalSection(SolutionConfigurationPlatforms) = preSolution
		Debug|x64 = Debug|x64
		Debug|x86 = Debug|x86
		Release|x64 = Release|x64
		Release|x86 = Release|x86
	EndGlobalSection
	GlobalSection(ProjectConfigurationPlatforms) = postSolution
		{47CE4E85-D997-4C33-A6A3-6F1168446BEC}.Debug|x64.ActiveCfg = Debug|x64
		{47CE4E85-D997-4C33-A6A3-6F1168446BEC}.Debug|x64.Build.0 = Debug|x64
		{47CE4E85-D997-4C33-A6A3-6F1168446BEC}.Debug|x86.ActiveCfg = Debug|x64
		{47CE4E85-D997-4C33-A6A3-6F1168446BEC}.Release|x64.ActiveCfg = Release|x64
		{47CE4E85-D997-4C33-A6A3-6F1168446BEC}.Release|x64.Build.0 = Release|x64
		{47CE4E85-D997-4C33-A6A3-6F1168446BEC}.Release|x86.ActiveCfg = Release|x64
	EndGlobalSection
	GlobalSection(SolutionProperties) = preSolution
		HideSolutionNode = FALSE
	EndGlobalSection
	GlobalSection(ExtensibilityGlobals) = postSolution
		SolutionGuid = {67F5B8FD-5E4F-4973-9EAC-B358FBD4A8E0}
	EndGlobalSection
EndGlobal
